PODS:
  - FFLivekit (0.0.1):
    - ffmpeg-kit-srt
  - ffmpeg-kit-srt (2.0.0)

DEPENDENCIES:
  - FFLivekit (from `../`)

SPEC REPOS:
  trunk:
    - ffmpeg-kit-srt

EXTERNAL SOURCES:
  FFLivekit:
    :path: "../"

SPEC CHECKSUMS:
  FFLivekit: 818511aedc9033e4f35636dccf42e1edd3c3ae77
  ffmpeg-kit-srt: 21d77ca2a936c9cc41119832e3bce0eca80c425b

PODFILE CHECKSUM: 5b0da832d0454c538fea7c3deeb3d8b6cf1a8d12

COCOAPODS: 1.14.3
