PODS:
  - ffmpeg-kit-ios-full (6.0)
  - MobileVLCKit (3.6.0b10)

DEPENDENCIES:
  - ffmpeg-kit-ios-full (~> 6.0)
  - MobileVLCKit (= 3.6.0b10)

SPEC REPOS:
  trunk:
    - ffmpeg-kit-ios-full
    - MobileVLCKit

SPEC CHECKSUMS:
  ffmpeg-kit-ios-full: 0099a769d22114dde52cdc238397941c32f75d27
  MobileVLCKit: 5600003cf2dc47acf7ad2fd87fe9f3739b2475ed

PODFILE CHECKSUM: 5255d0b9f535b3e526c33539c4901b1848ab11a6

COCOAPODS: 1.14.3
