// !$*UTF8*$!
{
	archiveVersion = 1;
	classes = {
	};
	objectVersion = 56;
	objects = {

/* Begin PBXBuildFile section */
		7830AB979939E8876AC5B5CF /* Pods_live_demo.framework in Frameworks */ = {isa = PBXBuildFile; fileRef = B46632C18825C406E474741D /* Pods_live_demo.framework */; };
		D30E1B122B9D607E00D78458 /* Connection.swift in Sources */ = {isa = PBXBuildFile; fileRef = D30E1B112B9D607E00D78458 /* Connection.swift */; };
		D30E1B152B9D60A400D78458 /* RTMPConnection.swift in Sources */ = {isa = PBXBuildFile; fileRef = D30E1B142B9D60A400D78458 /* RTMPConnection.swift */; };
		D30E1B172B9D60B200D78458 /* RTSPConnection.swift in Sources */ = {isa = PBXBuildFile; fileRef = D30E1B162B9D60B200D78458 /* RTSPConnection.swift */; };
		D30E1B1D2B9D639800D78458 /* CameraSource.swift in Sources */ = {isa = PBXBuildFile; fileRef = D30E1B1C2B9D639800D78458 /* CameraSource.swift */; };
		D30E1B1F2B9D666F00D78458 /* TestViewController.swift in Sources */ = {isa = PBXBuildFile; fileRef = D30E1B1E2B9D666F00D78458 /* TestViewController.swift */; };
		D30E1B212B9D6A3700D78458 /* MicrophoneSource.swift in Sources */ = {isa = PBXBuildFile; fileRef = D30E1B202B9D6A3700D78458 /* MicrophoneSource.swift */; };
		D30E1B242B9D6B5F00D78458 /* BufferConverter.swift in Sources */ = {isa = PBXBuildFile; fileRef = D30E1B232B9D6B5F00D78458 /* BufferConverter.swift */; };
		D30E1B262B9D6E3B00D78458 /* FFLiveKit.swift in Sources */ = {isa = PBXBuildFile; fileRef = D30E1B252B9D6E3B00D78458 /* FFLiveKit.swift */; };
		D30E1B282B9D914C00D78458 /* FFmpegUtils.swift in Sources */ = {isa = PBXBuildFile; fileRef = D30E1B272B9D914C00D78458 /* FFmpegUtils.swift */; };
		D3A2572D2B8BFD2800B69B54 /* AppDelegate.swift in Sources */ = {isa = PBXBuildFile; fileRef = D3A2572C2B8BFD2800B69B54 /* AppDelegate.swift */; };
		D3A2572F2B8BFD2800B69B54 /* SceneDelegate.swift in Sources */ = {isa = PBXBuildFile; fileRef = D3A2572E2B8BFD2800B69B54 /* SceneDelegate.swift */; };
		D3A257312B8BFD2800B69B54 /* ViewController.swift in Sources */ = {isa = PBXBuildFile; fileRef = D3A257302B8BFD2800B69B54 /* ViewController.swift */; };
		D3A257342B8BFD2800B69B54 /* Main.storyboard in Resources */ = {isa = PBXBuildFile; fileRef = D3A257322B8BFD2800B69B54 /* Main.storyboard */; };
		D3A257362B8BFD2900B69B54 /* Assets.xcassets in Resources */ = {isa = PBXBuildFile; fileRef = D3A257352B8BFD2900B69B54 /* Assets.xcassets */; };
		D3A257392B8BFD2900B69B54 /* LaunchScreen.storyboard in Resources */ = {isa = PBXBuildFile; fileRef = D3A257372B8BFD2900B69B54 /* LaunchScreen.storyboard */; };
/* End PBXBuildFile section */

/* Begin PBXFileReference section */
		17AE0299CEBC43D9EFBBEE6D /* Pods-live-demo.release.xcconfig */ = {isa = PBXFileReference; includeInIndex = 1; lastKnownFileType = text.xcconfig; name = "Pods-live-demo.release.xcconfig"; path = "Target Support Files/Pods-live-demo/Pods-live-demo.release.xcconfig"; sourceTree = "<group>"; };
		B46632C18825C406E474741D /* Pods_live_demo.framework */ = {isa = PBXFileReference; explicitFileType = wrapper.framework; includeInIndex = 0; path = Pods_live_demo.framework; sourceTree = BUILT_PRODUCTS_DIR; };
		D30E1B112B9D607E00D78458 /* Connection.swift */ = {isa = PBXFileReference; lastKnownFileType = sourcecode.swift; path = Connection.swift; sourceTree = "<group>"; };
		D30E1B142B9D60A400D78458 /* RTMPConnection.swift */ = {isa = PBXFileReference; lastKnownFileType = sourcecode.swift; path = RTMPConnection.swift; sourceTree = "<group>"; };
		D30E1B162B9D60B200D78458 /* RTSPConnection.swift */ = {isa = PBXFileReference; lastKnownFileType = sourcecode.swift; path = RTSPConnection.swift; sourceTree = "<group>"; };
		D30E1B1C2B9D639800D78458 /* CameraSource.swift */ = {isa = PBXFileReference; lastKnownFileType = sourcecode.swift; path = CameraSource.swift; sourceTree = "<group>"; };
		D30E1B1E2B9D666F00D78458 /* TestViewController.swift */ = {isa = PBXFileReference; lastKnownFileType = sourcecode.swift; path = TestViewController.swift; sourceTree = "<group>"; };
		D30E1B202B9D6A3700D78458 /* MicrophoneSource.swift */ = {isa = PBXFileReference; lastKnownFileType = sourcecode.swift; path = MicrophoneSource.swift; sourceTree = "<group>"; };
		D30E1B232B9D6B5F00D78458 /* BufferConverter.swift */ = {isa = PBXFileReference; lastKnownFileType = sourcecode.swift; path = BufferConverter.swift; sourceTree = "<group>"; };
		D30E1B252B9D6E3B00D78458 /* FFLiveKit.swift */ = {isa = PBXFileReference; lastKnownFileType = sourcecode.swift; path = FFLiveKit.swift; sourceTree = "<group>"; };
		D30E1B272B9D914C00D78458 /* FFmpegUtils.swift */ = {isa = PBXFileReference; lastKnownFileType = sourcecode.swift; path = FFmpegUtils.swift; sourceTree = "<group>"; };
		D3A257292B8BFD2800B69B54 /* live-demo.app */ = {isa = PBXFileReference; explicitFileType = wrapper.application; includeInIndex = 0; path = "live-demo.app"; sourceTree = BUILT_PRODUCTS_DIR; };
		D3A2572C2B8BFD2800B69B54 /* AppDelegate.swift */ = {isa = PBXFileReference; lastKnownFileType = sourcecode.swift; path = AppDelegate.swift; sourceTree = "<group>"; };
		D3A2572E2B8BFD2800B69B54 /* SceneDelegate.swift */ = {isa = PBXFileReference; lastKnownFileType = sourcecode.swift; path = SceneDelegate.swift; sourceTree = "<group>"; };
		D3A257302B8BFD2800B69B54 /* ViewController.swift */ = {isa = PBXFileReference; lastKnownFileType = sourcecode.swift; path = ViewController.swift; sourceTree = "<group>"; };
		D3A257332B8BFD2800B69B54 /* Base */ = {isa = PBXFileReference; lastKnownFileType = file.storyboard; name = Base; path = Base.lproj/Main.storyboard; sourceTree = "<group>"; };
		D3A257352B8BFD2900B69B54 /* Assets.xcassets */ = {isa = PBXFileReference; lastKnownFileType = folder.assetcatalog; path = Assets.xcassets; sourceTree = "<group>"; };
		D3A257382B8BFD2900B69B54 /* Base */ = {isa = PBXFileReference; lastKnownFileType = file.storyboard; name = Base; path = Base.lproj/LaunchScreen.storyboard; sourceTree = "<group>"; };
		D3A2573A2B8BFD2900B69B54 /* Info.plist */ = {isa = PBXFileReference; lastKnownFileType = text.plist.xml; path = Info.plist; sourceTree = "<group>"; };
		E713281D99B7811BD664DE09 /* Pods-live-demo.debug.xcconfig */ = {isa = PBXFileReference; includeInIndex = 1; lastKnownFileType = text.xcconfig; name = "Pods-live-demo.debug.xcconfig"; path = "Target Support Files/Pods-live-demo/Pods-live-demo.debug.xcconfig"; sourceTree = "<group>"; };
/* End PBXFileReference section */

/* Begin PBXFrameworksBuildPhase section */
		D3A257262B8BFD2800B69B54 /* Frameworks */ = {
			isa = PBXFrameworksBuildPhase;
			buildActionMask = 2147483647;
			files = (
				7830AB979939E8876AC5B5CF /* Pods_live_demo.framework in Frameworks */,
			);
			runOnlyForDeploymentPostprocessing = 0;
		};
/* End PBXFrameworksBuildPhase section */

/* Begin PBXGroup section */
		1CD4C3FCD5D1099670A50651 /* Frameworks */ = {
			isa = PBXGroup;
			children = (
				B46632C18825C406E474741D /* Pods_live_demo.framework */,
			);
			name = Frameworks;
			sourceTree = "<group>";
		};
		D30E1B0B2B9AA2C100D78458 /* Controllers */ = {
			isa = PBXGroup;
			children = (
				D30E1B1E2B9D666F00D78458 /* TestViewController.swift */,
			);
			path = Controllers;
			sourceTree = "<group>";
		};
		D30E1B132B9D608A00D78458 /* Source */ = {
			isa = PBXGroup;
			children = (
				D30E1B222B9D6B4A00D78458 /* Utils */,
				D30E1B192B9D61B300D78458 /* IO */,
				D30E1B182B9D61A900D78458 /* Net */,
				D30E1B252B9D6E3B00D78458 /* FFLiveKit.swift */,
			);
			path = Source;
			sourceTree = "<group>";
		};
		D30E1B182B9D61A900D78458 /* Net */ = {
			isa = PBXGroup;
			children = (
				D30E1B112B9D607E00D78458 /* Connection.swift */,
				D30E1B142B9D60A400D78458 /* RTMPConnection.swift */,
				D30E1B162B9D60B200D78458 /* RTSPConnection.swift */,
			);
			path = Net;
			sourceTree = "<group>";
		};
		D30E1B192B9D61B300D78458 /* IO */ = {
			isa = PBXGroup;
			children = (
				D30E1B1C2B9D639800D78458 /* CameraSource.swift */,
				D30E1B202B9D6A3700D78458 /* MicrophoneSource.swift */,
			);
			path = IO;
			sourceTree = "<group>";
		};
		D30E1B222B9D6B4A00D78458 /* Utils */ = {
			isa = PBXGroup;
			children = (
				D30E1B232B9D6B5F00D78458 /* BufferConverter.swift */,
				D30E1B272B9D914C00D78458 /* FFmpegUtils.swift */,
			);
			path = Utils;
			sourceTree = "<group>";
		};
		D3A257202B8BFD2700B69B54 = {
			isa = PBXGroup;
			children = (
				D3A2572B2B8BFD2800B69B54 /* live-demo */,
				D3A2572A2B8BFD2800B69B54 /* Products */,
				D7B75980CB2C39AF1917AF57 /* Pods */,
				1CD4C3FCD5D1099670A50651 /* Frameworks */,
			);
			sourceTree = "<group>";
		};
		D3A2572A2B8BFD2800B69B54 /* Products */ = {
			isa = PBXGroup;
			children = (
				D3A257292B8BFD2800B69B54 /* live-demo.app */,
			);
			name = Products;
			sourceTree = "<group>";
		};
		D3A2572B2B8BFD2800B69B54 /* live-demo */ = {
			isa = PBXGroup;
			children = (
				D3A2572C2B8BFD2800B69B54 /* AppDelegate.swift */,
				D3A2572E2B8BFD2800B69B54 /* SceneDelegate.swift */,
				D3A257302B8BFD2800B69B54 /* ViewController.swift */,
				D3A257322B8BFD2800B69B54 /* Main.storyboard */,
				D3A257352B8BFD2900B69B54 /* Assets.xcassets */,
				D3A257372B8BFD2900B69B54 /* LaunchScreen.storyboard */,
				D3A2573A2B8BFD2900B69B54 /* Info.plist */,
				D30E1B0B2B9AA2C100D78458 /* Controllers */,
				D30E1B132B9D608A00D78458 /* Source */,
			);
			path = "live-demo";
			sourceTree = "<group>";
		};
		D7B75980CB2C39AF1917AF57 /* Pods */ = {
			isa = PBXGroup;
			children = (
				E713281D99B7811BD664DE09 /* Pods-live-demo.debug.xcconfig */,
				17AE0299CEBC43D9EFBBEE6D /* Pods-live-demo.release.xcconfig */,
			);
			path = Pods;
			sourceTree = "<group>";
		};
/* End PBXGroup section */

/* Begin PBXNativeTarget section */
		D3A257282B8BFD2800B69B54 /* live-demo */ = {
			isa = PBXNativeTarget;
			buildConfigurationList = D3A2573D2B8BFD2900B69B54 /* Build configuration list for PBXNativeTarget "live-demo" */;
			buildPhases = (
				3D76742FBB012588D9B58228 /* [CP] Check Pods Manifest.lock */,
				D3A257252B8BFD2800B69B54 /* Sources */,
				D3A257262B8BFD2800B69B54 /* Frameworks */,
				D3A257272B8BFD2800B69B54 /* Resources */,
				F2DDB71F21D5BD3446B1463D /* [CP] Embed Pods Frameworks */,
			);
			buildRules = (
			);
			dependencies = (
			);
			name = "live-demo";
			productName = "live-demo";
			productReference = D3A257292B8BFD2800B69B54 /* live-demo.app */;
			productType = "com.apple.product-type.application";
		};
/* End PBXNativeTarget section */

/* Begin PBXProject section */
		D3A257212B8BFD2700B69B54 /* Project object */ = {
			isa = PBXProject;
			attributes = {
				BuildIndependentTargetsInParallel = 1;
				LastSwiftUpdateCheck = 1520;
				LastUpgradeCheck = 1520;
				TargetAttributes = {
					D3A257282B8BFD2800B69B54 = {
						CreatedOnToolsVersion = 15.2;
					};
				};
			};
			buildConfigurationList = D3A257242B8BFD2700B69B54 /* Build configuration list for PBXProject "live-demo" */;
			compatibilityVersion = "Xcode 14.0";
			developmentRegion = en;
			hasScannedForEncodings = 0;
			knownRegions = (
				en,
				Base,
			);
			mainGroup = D3A257202B8BFD2700B69B54;
			productRefGroup = D3A2572A2B8BFD2800B69B54 /* Products */;
			projectDirPath = "";
			projectRoot = "";
			targets = (
				D3A257282B8BFD2800B69B54 /* live-demo */,
			);
		};
/* End PBXProject section */

/* Begin PBXResourcesBuildPhase section */
		D3A257272B8BFD2800B69B54 /* Resources */ = {
			isa = PBXResourcesBuildPhase;
			buildActionMask = 2147483647;
			files = (
				D3A257392B8BFD2900B69B54 /* LaunchScreen.storyboard in Resources */,
				D3A257362B8BFD2900B69B54 /* Assets.xcassets in Resources */,
				D3A257342B8BFD2800B69B54 /* Main.storyboard in Resources */,
			);
			runOnlyForDeploymentPostprocessing = 0;
		};
/* End PBXResourcesBuildPhase section */

/* Begin PBXShellScriptBuildPhase section */
		3D76742FBB012588D9B58228 /* [CP] Check Pods Manifest.lock */ = {
			isa = PBXShellScriptBuildPhase;
			buildActionMask = 2147483647;
			files = (
			);
			inputFileListPaths = (
			);
			inputPaths = (
				"${PODS_PODFILE_DIR_PATH}/Podfile.lock",
				"${PODS_ROOT}/Manifest.lock",
			);
			name = "[CP] Check Pods Manifest.lock";
			outputFileListPaths = (
			);
			outputPaths = (
				"$(DERIVED_FILE_DIR)/Pods-live-demo-checkManifestLockResult.txt",
			);
			runOnlyForDeploymentPostprocessing = 0;
			shellPath = /bin/sh;
			shellScript = "diff \"${PODS_PODFILE_DIR_PATH}/Podfile.lock\" \"${PODS_ROOT}/Manifest.lock\" > /dev/null\nif [ $? != 0 ] ; then\n    # print error to STDERR\n    echo \"error: The sandbox is not in sync with the Podfile.lock. Run 'pod install' or update your CocoaPods installation.\" >&2\n    exit 1\nfi\n# This output is used by Xcode 'outputs' to avoid re-running this script phase.\necho \"SUCCESS\" > \"${SCRIPT_OUTPUT_FILE_0}\"\n";
			showEnvVarsInLog = 0;
		};
		F2DDB71F21D5BD3446B1463D /* [CP] Embed Pods Frameworks */ = {
			isa = PBXShellScriptBuildPhase;
			buildActionMask = 2147483647;
			files = (
			);
			inputFileListPaths = (
				"${PODS_ROOT}/Target Support Files/Pods-live-demo/Pods-live-demo-frameworks-${CONFIGURATION}-input-files.xcfilelist",
			);
			name = "[CP] Embed Pods Frameworks";
			outputFileListPaths = (
				"${PODS_ROOT}/Target Support Files/Pods-live-demo/Pods-live-demo-frameworks-${CONFIGURATION}-output-files.xcfilelist",
			);
			runOnlyForDeploymentPostprocessing = 0;
			shellPath = /bin/sh;
			shellScript = "\"${PODS_ROOT}/Target Support Files/Pods-live-demo/Pods-live-demo-frameworks.sh\"\n";
			showEnvVarsInLog = 0;
		};
/* End PBXShellScriptBuildPhase section */

/* Begin PBXSourcesBuildPhase section */
		D3A257252B8BFD2800B69B54 /* Sources */ = {
			isa = PBXSourcesBuildPhase;
			buildActionMask = 2147483647;
			files = (
				D30E1B212B9D6A3700D78458 /* MicrophoneSource.swift in Sources */,
				D3A257312B8BFD2800B69B54 /* ViewController.swift in Sources */,
				D30E1B282B9D914C00D78458 /* FFmpegUtils.swift in Sources */,
				D3A2572D2B8BFD2800B69B54 /* AppDelegate.swift in Sources */,
				D30E1B262B9D6E3B00D78458 /* FFLiveKit.swift in Sources */,
				D3A2572F2B8BFD2800B69B54 /* SceneDelegate.swift in Sources */,
				D30E1B122B9D607E00D78458 /* Connection.swift in Sources */,
				D30E1B1F2B9D666F00D78458 /* TestViewController.swift in Sources */,
				D30E1B172B9D60B200D78458 /* RTSPConnection.swift in Sources */,
				D30E1B152B9D60A400D78458 /* RTMPConnection.swift in Sources */,
				D30E1B242B9D6B5F00D78458 /* BufferConverter.swift in Sources */,
				D30E1B1D2B9D639800D78458 /* CameraSource.swift in Sources */,
			);
			runOnlyForDeploymentPostprocessing = 0;
		};
/* End PBXSourcesBuildPhase section */

/* Begin PBXVariantGroup section */
		D3A257322B8BFD2800B69B54 /* Main.storyboard */ = {
			isa = PBXVariantGroup;
			children = (
				D3A257332B8BFD2800B69B54 /* Base */,
			);
			name = Main.storyboard;
			sourceTree = "<group>";
		};
		D3A257372B8BFD2900B69B54 /* LaunchScreen.storyboard */ = {
			isa = PBXVariantGroup;
			children = (
				D3A257382B8BFD2900B69B54 /* Base */,
			);
			name = LaunchScreen.storyboard;
			sourceTree = "<group>";
		};
/* End PBXVariantGroup section */

/* Begin XCBuildConfiguration section */
		D3A2573B2B8BFD2900B69B54 /* Debug */ = {
			isa = XCBuildConfiguration;
			buildSettings = {
				ALWAYS_SEARCH_USER_PATHS = NO;
				ASSETCATALOG_COMPILER_GENERATE_SWIFT_ASSET_SYMBOL_EXTENSIONS = YES;
				CLANG_ANALYZER_NONNULL = YES;
				CLANG_ANALYZER_NUMBER_OBJECT_CONVERSION = YES_AGGRESSIVE;
				CLANG_CXX_LANGUAGE_STANDARD = "gnu++20";
				CLANG_ENABLE_MODULES = YES;
				CLANG_ENABLE_OBJC_ARC = YES;
				CLANG_ENABLE_OBJC_WEAK = YES;
				CLANG_WARN_BLOCK_CAPTURE_AUTORELEASING = YES;
				CLANG_WARN_BOOL_CONVERSION = YES;
				CLANG_WARN_COMMA = YES;
				CLANG_WARN_CONSTANT_CONVERSION = YES;
				CLANG_WARN_DEPRECATED_OBJC_IMPLEMENTATIONS = YES;
				CLANG_WARN_DIRECT_OBJC_ISA_USAGE = YES_ERROR;
				CLANG_WARN_DOCUMENTATION_COMMENTS = YES;
				CLANG_WARN_EMPTY_BODY = YES;
				CLANG_WARN_ENUM_CONVERSION = YES;
				CLANG_WARN_INFINITE_RECURSION = YES;
				CLANG_WARN_INT_CONVERSION = YES;
				CLANG_WARN_NON_LITERAL_NULL_CONVERSION = YES;
				CLANG_WARN_OBJC_IMPLICIT_RETAIN_SELF = YES;
				CLANG_WARN_OBJC_LITERAL_CONVERSION = YES;
				CLANG_WARN_OBJC_ROOT_CLASS = YES_ERROR;
				CLANG_WARN_QUOTED_INCLUDE_IN_FRAMEWORK_HEADER = YES;
				CLANG_WARN_RANGE_LOOP_ANALYSIS = YES;
				CLANG_WARN_STRICT_PROTOTYPES = YES;
				CLANG_WARN_SUSPICIOUS_MOVE = YES;
				CLANG_WARN_UNGUARDED_AVAILABILITY = YES_AGGRESSIVE;
				CLANG_WARN_UNREACHABLE_CODE = YES;
				CLANG_WARN__DUPLICATE_METHOD_MATCH = YES;
				COPY_PHASE_STRIP = NO;
				DEBUG_INFORMATION_FORMAT = dwarf;
				ENABLE_STRICT_OBJC_MSGSEND = YES;
				ENABLE_TESTABILITY = YES;
				ENABLE_USER_SCRIPT_SANDBOXING = YES;
				GCC_C_LANGUAGE_STANDARD = gnu17;
				GCC_DYNAMIC_NO_PIC = NO;
				GCC_NO_COMMON_BLOCKS = YES;
				GCC_OPTIMIZATION_LEVEL = 0;
				GCC_PREPROCESSOR_DEFINITIONS = (
					"DEBUG=1",
					"$(inherited)",
				);
				GCC_WARN_64_TO_32_BIT_CONVERSION = YES;
				GCC_WARN_ABOUT_RETURN_TYPE = YES_ERROR;
				GCC_WARN_UNDECLARED_SELECTOR = YES;
				GCC_WARN_UNINITIALIZED_AUTOS = YES_AGGRESSIVE;
				GCC_WARN_UNUSED_FUNCTION = YES;
				GCC_WARN_UNUSED_VARIABLE = YES;
				IPHONEOS_DEPLOYMENT_TARGET = 17.2;
				LOCALIZATION_PREFERS_STRING_CATALOGS = YES;
				MTL_ENABLE_DEBUG_INFO = INCLUDE_SOURCE;
				MTL_FAST_MATH = YES;
				ONLY_ACTIVE_ARCH = YES;
				SDKROOT = iphoneos;
				SWIFT_ACTIVE_COMPILATION_CONDITIONS = "DEBUG $(inherited)";
				SWIFT_OPTIMIZATION_LEVEL = "-Onone";
			};
			name = Debug;
		};
		D3A2573C2B8BFD2900B69B54 /* Release */ = {
			isa = XCBuildConfiguration;
			buildSettings = {
				ALWAYS_SEARCH_USER_PATHS = NO;
				ASSETCATALOG_COMPILER_GENERATE_SWIFT_ASSET_SYMBOL_EXTENSIONS = YES;
				CLANG_ANALYZER_NONNULL = YES;
				CLANG_ANALYZER_NUMBER_OBJECT_CONVERSION = YES_AGGRESSIVE;
				CLANG_CXX_LANGUAGE_STANDARD = "gnu++20";
				CLANG_ENABLE_MODULES = YES;
				CLANG_ENABLE_OBJC_ARC = YES;
				CLANG_ENABLE_OBJC_WEAK = YES;
				CLANG_WARN_BLOCK_CAPTURE_AUTORELEASING = YES;
				CLANG_WARN_BOOL_CONVERSION = YES;
				CLANG_WARN_COMMA = YES;
				CLANG_WARN_CONSTANT_CONVERSION = YES;
				CLANG_WARN_DEPRECATED_OBJC_IMPLEMENTATIONS = YES;
				CLANG_WARN_DIRECT_OBJC_ISA_USAGE = YES_ERROR;
				CLANG_WARN_DOCUMENTATION_COMMENTS = YES;
				CLANG_WARN_EMPTY_BODY = YES;
				CLANG_WARN_ENUM_CONVERSION = YES;
				CLANG_WARN_INFINITE_RECURSION = YES;
				CLANG_WARN_INT_CONVERSION = YES;
				CLANG_WARN_NON_LITERAL_NULL_CONVERSION = YES;
				CLANG_WARN_OBJC_IMPLICIT_RETAIN_SELF = YES;
				CLANG_WARN_OBJC_LITERAL_CONVERSION = YES;
				CLANG_WARN_OBJC_ROOT_CLASS = YES_ERROR;
				CLANG_WARN_QUOTED_INCLUDE_IN_FRAMEWORK_HEADER = YES;
				CLANG_WARN_RANGE_LOOP_ANALYSIS = YES;
				CLANG_WARN_STRICT_PROTOTYPES = YES;
				CLANG_WARN_SUSPICIOUS_MOVE = YES;
				CLANG_WARN_UNGUARDED_AVAILABILITY = YES_AGGRESSIVE;
				CLANG_WARN_UNREACHABLE_CODE = YES;
				CLANG_WARN__DUPLICATE_METHOD_MATCH = YES;
				COPY_PHASE_STRIP = NO;
				DEBUG_INFORMATION_FORMAT = "dwarf-with-dsym";
				ENABLE_NS_ASSERTIONS = NO;
				ENABLE_STRICT_OBJC_MSGSEND = YES;
				ENABLE_USER_SCRIPT_SANDBOXING = YES;
				GCC_C_LANGUAGE_STANDARD = gnu17;
				GCC_NO_COMMON_BLOCKS = YES;
				GCC_WARN_64_TO_32_BIT_CONVERSION = YES;
				GCC_WARN_ABOUT_RETURN_TYPE = YES_ERROR;
				GCC_WARN_UNDECLARED_SELECTOR = YES;
				GCC_WARN_UNINITIALIZED_AUTOS = YES_AGGRESSIVE;
				GCC_WARN_UNUSED_FUNCTION = YES;
				GCC_WARN_UNUSED_VARIABLE = YES;
				IPHONEOS_DEPLOYMENT_TARGET = 17.2;
				LOCALIZATION_PREFERS_STRING_CATALOGS = YES;
				MTL_ENABLE_DEBUG_INFO = NO;
				MTL_FAST_MATH = YES;
				SDKROOT = iphoneos;
				SWIFT_COMPILATION_MODE = wholemodule;
				VALIDATE_PRODUCT = YES;
			};
			name = Release;
		};
		D3A2573E2B8BFD2900B69B54 /* Debug */ = {
			isa = XCBuildConfiguration;
			baseConfigurationReference = E713281D99B7811BD664DE09 /* Pods-live-demo.debug.xcconfig */;
			buildSettings = {
				ASSETCATALOG_COMPILER_APPICON_NAME = AppIcon;
				ASSETCATALOG_COMPILER_GLOBAL_ACCENT_COLOR_NAME = AccentColor;
				CODE_SIGN_IDENTITY = "Apple Development";
				CODE_SIGN_STYLE = Automatic;
				CURRENT_PROJECT_VERSION = 1;
				DEVELOPMENT_TEAM = UY9S8H9G47;
				ENABLE_APP_SANDBOX = NO;
				ENABLE_USER_SCRIPT_SANDBOXING = NO;
				GENERATE_INFOPLIST_FILE = YES;
				INFOPLIST_FILE = "live-demo/Info.plist";
				INFOPLIST_KEY_NSCameraUsageDescription = "Use camera";
				INFOPLIST_KEY_NSFileProviderDomainUsageDescription = "";
				INFOPLIST_KEY_NSMicrophoneUsageDescription = "Use microphone";
				INFOPLIST_KEY_NSPhotoLibraryUsageDescription = "Use photo library";
				INFOPLIST_KEY_UIApplicationSupportsIndirectInputEvents = YES;
				INFOPLIST_KEY_UILaunchStoryboardName = LaunchScreen;
				INFOPLIST_KEY_UIMainStoryboardFile = Main;
				INFOPLIST_KEY_UISupportedInterfaceOrientations_iPad = "UIInterfaceOrientationPortrait UIInterfaceOrientationPortraitUpsideDown UIInterfaceOrientationLandscapeLeft UIInterfaceOrientationLandscapeRight";
				INFOPLIST_KEY_UISupportedInterfaceOrientations_iPhone = "UIInterfaceOrientationPortrait UIInterfaceOrientationLandscapeLeft UIInterfaceOrientationLandscapeRight";
				IPHONEOS_DEPLOYMENT_TARGET = 13.1;
				LD_RUNPATH_SEARCH_PATHS = (
					"$(inherited)",
					"@executable_path/Frameworks",
				);
				MARKETING_VERSION = 1.0;
				PRODUCT_BUNDLE_IDENTIFIER = "com.sudayn.livedemotest.live-demo";
				PRODUCT_NAME = "$(TARGET_NAME)";
				PROVISIONING_PROFILE_SPECIFIER = "";
				SWIFT_EMIT_LOC_STRINGS = YES;
				SWIFT_VERSION = 5.0;
				TARGETED_DEVICE_FAMILY = "1,2";
			};
			name = Debug;
		};
		D3A2573F2B8BFD2900B69B54 /* Release */ = {
			isa = XCBuildConfiguration;
			baseConfigurationReference = 17AE0299CEBC43D9EFBBEE6D /* Pods-live-demo.release.xcconfig */;
			buildSettings = {
				ASSETCATALOG_COMPILER_APPICON_NAME = AppIcon;
				ASSETCATALOG_COMPILER_GLOBAL_ACCENT_COLOR_NAME = AccentColor;
				CODE_SIGN_IDENTITY = "Apple Development";
				CODE_SIGN_STYLE = Automatic;
				CURRENT_PROJECT_VERSION = 1;
				DEVELOPMENT_TEAM = UY9S8H9G47;
				ENABLE_APP_SANDBOX = NO;
				ENABLE_USER_SCRIPT_SANDBOXING = NO;
				GENERATE_INFOPLIST_FILE = YES;
				INFOPLIST_FILE = "live-demo/Info.plist";
				INFOPLIST_KEY_NSCameraUsageDescription = "Use camera";
				INFOPLIST_KEY_NSFileProviderDomainUsageDescription = "";
				INFOPLIST_KEY_NSMicrophoneUsageDescription = "Use microphone";
				INFOPLIST_KEY_NSPhotoLibraryUsageDescription = "Use photo library";
				INFOPLIST_KEY_UIApplicationSupportsIndirectInputEvents = YES;
				INFOPLIST_KEY_UILaunchStoryboardName = LaunchScreen;
				INFOPLIST_KEY_UIMainStoryboardFile = Main;
				INFOPLIST_KEY_UISupportedInterfaceOrientations_iPad = "UIInterfaceOrientationPortrait UIInterfaceOrientationPortraitUpsideDown UIInterfaceOrientationLandscapeLeft UIInterfaceOrientationLandscapeRight";
				INFOPLIST_KEY_UISupportedInterfaceOrientations_iPhone = "UIInterfaceOrientationPortrait UIInterfaceOrientationLandscapeLeft UIInterfaceOrientationLandscapeRight";
				IPHONEOS_DEPLOYMENT_TARGET = 13.1;
				LD_RUNPATH_SEARCH_PATHS = (
					"$(inherited)",
					"@executable_path/Frameworks",
				);
				MARKETING_VERSION = 1.0;
				PRODUCT_BUNDLE_IDENTIFIER = "com.sudayn.livedemotest.live-demo";
				PRODUCT_NAME = "$(TARGET_NAME)";
				PROVISIONING_PROFILE_SPECIFIER = "";
				SWIFT_EMIT_LOC_STRINGS = YES;
				SWIFT_VERSION = 5.0;
				TARGETED_DEVICE_FAMILY = "1,2";
			};
			name = Release;
		};
/* End XCBuildConfiguration section */

/* Begin XCConfigurationList section */
		D3A257242B8BFD2700B69B54 /* Build configuration list for PBXProject "live-demo" */ = {
			isa = XCConfigurationList;
			buildConfigurations = (
				D3A2573B2B8BFD2900B69B54 /* Debug */,
				D3A2573C2B8BFD2900B69B54 /* Release */,
			);
			defaultConfigurationIsVisible = 0;
			defaultConfigurationName = Release;
		};
		D3A2573D2B8BFD2900B69B54 /* Build configuration list for PBXNativeTarget "live-demo" */ = {
			isa = XCConfigurationList;
			buildConfigurations = (
				D3A2573E2B8BFD2900B69B54 /* Debug */,
				D3A2573F2B8BFD2900B69B54 /* Release */,
			);
			defaultConfigurationIsVisible = 0;
			defaultConfigurationName = Release;
		};
/* End XCConfigurationList section */
	};
	rootObject = D3A257212B8BFD2700B69B54 /* Project object */;
}
